
Microsoft Visual Studio Solution File, Format Version 12.00
# Visual Studio Version 17
VisualStudioVersion = 17.12.35527.113
MinimumVisualStudioVersion = 10.0.40219.1
Project("{FAE04EC0-301F-11D3-BF4B-00C04F79EFBC}") = "MagicVilla_VillaAPI", "MagicVilla_VillaAPI\MagicVilla_VillaAPI.csproj", "{C0D28008-81FF-4117-81F5-E8F3533C7AFA}"
EndProject
Project("{FAE04EC0-301F-11D3-BF4B-00C04F79EFBC}") = "MagicVilla_web", "MagicVilla_web\MagicVilla_web.csproj", "{DCC7F17A-1CA2-455D-B873-62F4E4F202C2}"
EndProject
Project("{FAE04EC0-301F-11D3-BF4B-00C04F79EFBC}") = "MagicVilla_Utility", "MagicVilla_Utility\MagicVilla_Utility.csproj", "{CA3A167A-95FA-45C5-8C7D-EDD3D31CCF36}"
EndProject
Global
	GlobalSection(SolutionConfigurationPlatforms) = preSolution
		Debug|Any CPU = Debug|Any CPU
		Release|Any CPU = Release|Any CPU
	EndGlobalSection
	GlobalSection(ProjectConfigurationPlatforms) = postSolution
		{C0D28008-81FF-4117-81F5-E8F3533C7AFA}.Debug|Any CPU.ActiveCfg = Debug|Any CPU
		{C0D28008-81FF-4117-81F5-E8F3533C7AFA}.Debug|Any CPU.Build.0 = Debug|Any CPU
		{C0D28008-81FF-4117-81F5-E8F3533C7AFA}.Release|Any CPU.ActiveCfg = Release|Any CPU
		{C0D28008-81FF-4117-81F5-E8F3533C7AFA}.Release|Any CPU.Build.0 = Release|Any CPU
		{DCC7F17A-1CA2-455D-B873-62F4E4F202C2}.Debug|Any CPU.ActiveCfg = Debug|Any CPU
		{DCC7F17A-1CA2-455D-B873-62F4E4F202C2}.Debug|Any CPU.Build.0 = Debug|Any CPU
		{DCC7F17A-1CA2-455D-B873-62F4E4F202C2}.Release|Any CPU.ActiveCfg = Release|Any CPU
		{DCC7F17A-1CA2-455D-B873-62F4E4F202C2}.Release|Any CPU.Build.0 = Release|Any CPU
		{CA3A167A-95FA-45C5-8C7D-EDD3D31CCF36}.Debug|Any CPU.ActiveCfg = Debug|Any CPU
		{CA3A167A-95FA-45C5-8C7D-EDD3D31CCF36}.Debug|Any CPU.Build.0 = Debug|Any CPU
		{CA3A167A-95FA-45C5-8C7D-EDD3D31CCF36}.Release|Any CPU.ActiveCfg = Release|Any CPU
		{CA3A167A-95FA-45C5-8C7D-EDD3D31CCF36}.Release|Any CPU.Build.0 = Release|Any CPU
	EndGlobalSection
	GlobalSection(SolutionProperties) = preSolution
		HideSolutionNode = FALSE
	EndGlobalSection
EndGlobal
